
Microsoft Visual Studio Solution File, Format Version 12.00
# Visual Studio Version 17
VisualStudioVersion = 17.8.34330.188
MinimumVisualStudioVersion = 10.0.40219.1
Project("{FAE04EC0-301F-11D3-BF4B-00C04F79EFBC}") = "ExamSystem", "ExamSystem\ExamSystem.csproj", "{409EE850-D175-4DBB-85DF-6EB81C2624C2}"
EndProject
Global
	GlobalSection(SolutionConfigurationPlatforms) = preSolution
		Debug|Any CPU = Debug|Any CPU
		Release|Any CPU = Release|Any CPU
	EndGlobalSection
	GlobalSection(ProjectConfigurationPlatforms) = postSolution
		{409EE850-D175-4DBB-85DF-6EB81C2624C2}.Debug|Any CPU.ActiveCfg = Debug|Any CPU
		{409EE850-D175-4DBB-85DF-6EB81C2624C2}.Debug|Any CPU.Build.0 = Debug|Any CPU
		{409EE850-D175-4DBB-85DF-6EB81C2624C2}.Release|Any CPU.ActiveCfg = Release|Any CPU
		{409EE850-D175-4DBB-85DF-6EB81C2624C2}.Release|Any CPU.Build.0 = Release|Any CPU
	EndGlobalSection
	GlobalSection(SolutionProperties) = preSolution
		HideSolutionNode = FALSE
	EndGlobalSection
	GlobalSection(ExtensibilityGlobals) = postSolution
		SolutionGuid = {C2EAD956-A36A-46BD-88BF-7C6F3795D93D}
	EndGlobalSection
EndGlobal
